
Microsoft Visual Studio Solution File, Format Version 12.00
# Visual Studio Version 17
VisualStudioVersion = 17.7.34031.279
MinimumVisualStudioVersion = 10.0.40219.1
Project("{FAE04EC0-301F-11D3-BF4B-00C04F79EFBC}") = "Factorial processor(TASK)", "Factorial processor(TASK)\Factorial processor(TASK).csproj", "{D9116697-10FF-4358-89A9-D8D1661EFFA5}"
EndProject
Global
	GlobalSection(SolutionConfigurationPlatforms) = preSolution
		Debug|Any CPU = Debug|Any CPU
		Release|Any CPU = Release|Any CPU
	EndGlobalSection
	GlobalSection(ProjectConfigurationPlatforms) = postSolution
		{D9116697-10FF-4358-89A9-D8D1661EFFA5}.Debug|Any CPU.ActiveCfg = Debug|Any CPU
		{D9116697-10FF-4358-89A9-D8D1661EFFA5}.Debug|Any CPU.Build.0 = Debug|Any CPU
		{D9116697-10FF-4358-89A9-D8D1661EFFA5}.Release|Any CPU.ActiveCfg = Release|Any CPU
		{D9116697-10FF-4358-89A9-D8D1661EFFA5}.Release|Any CPU.Build.0 = Release|Any CPU
	EndGlobalSection
	GlobalSection(SolutionProperties) = preSolution
		HideSolutionNode = FALSE
	EndGlobalSection
	GlobalSection(ExtensibilityGlobals) = postSolution
		SolutionGuid = {9B6629FF-4062-46DE-BDA1-958D846961CE}
	EndGlobalSection
EndGlobal
